
Microsoft Visual Studio Solution File, Format Version 12.00
# Visual Studio Version 16
VisualStudioVersion = 16.0.32106.194
MinimumVisualStudioVersion = 10.0.40219.1
Project("{FAE04EC0-301F-11D3-BF4B-00C04F79EFBC}") = "ExercícioElevador", "ExercícioElevador\ExercícioElevador.csproj", "{5F7348E8-E9E6-40C5-8D81-45E99BC86F97}"
EndProject
Global
	GlobalSection(SolutionConfigurationPlatforms) = preSolution
		Debug|Any CPU = Debug|Any CPU
		Release|Any CPU = Release|Any CPU
	EndGlobalSection
	GlobalSection(ProjectConfigurationPlatforms) = postSolution
		{5F7348E8-E9E6-40C5-8D81-45E99BC86F97}.Debug|Any CPU.ActiveCfg = Debug|Any CPU
		{5F7348E8-E9E6-40C5-8D81-45E99BC86F97}.Debug|Any CPU.Build.0 = Debug|Any CPU
		{5F7348E8-E9E6-40C5-8D81-45E99BC86F97}.Release|Any CPU.ActiveCfg = Release|Any CPU
		{5F7348E8-E9E6-40C5-8D81-45E99BC86F97}.Release|Any CPU.Build.0 = Release|Any CPU
	EndGlobalSection
	GlobalSection(SolutionProperties) = preSolution
		HideSolutionNode = FALSE
	EndGlobalSection
	GlobalSection(ExtensibilityGlobals) = postSolution
		SolutionGuid = {C2488EF4-A03C-46E3-B5E0-5150A508EACA}
	EndGlobalSection
EndGlobal
